<?xml version="1.0" encoding="UTF-8" standalone="yes" ?>
<CodeBlocks_project_file>
	<FileVersion major="1" minor="6" />
	<Project>
		<Option title="RPG" />
		<Option pch_mode="2" />
		<Option compiler="gcc" />
		<Build>
			<Target title="Linux - Debug">
				<Option output="bin/Debug/RPG" prefix_auto="1" extension_auto="1" />
				<Option object_output="obj/Debug/" />
				<Option type="1" />
				<Option compiler="gcc" />
				<Compiler>
					<Add option="-g" />
					<Add directory="include" />
				</Compiler>
			</Target>
			<Target title="Linux - Release">
				<Option output="bin/Release/RPG" prefix_auto="1" extension_auto="1" />
				<Option object_output="obj/Release/" />
				<Option type="1" />
				<Option compiler="gcc" />
				<Compiler>
					<Add option="-O2" />
					<Add directory="include" />
				</Compiler>
				<Linker>
					<Add option="-s" />
				</Linker>
			</Target>
			<Target title="Windows - Debug">
				<Option output="bin/Debug/RPG.exe" prefix_auto="1" extension_auto="0" />
				<Option working_dir="bin/Debug" />
				<Option object_output="obj/Debug/" />
				<Option type="1" />
				<Option compiler="mingw_compiler" />
				<Compiler>
					<Add option="-g" />
					<Add directory="include" />
				</Compiler>
			</Target>
			<Target title="Windows - Release">
				<Option output="bin/Release/RPG.exe" prefix_auto="1" extension_auto="0" />
				<Option working_dir="bin/Release/" />
				<Option object_output="obj/Release/" />
				<Option type="1" />
				<Option compiler="mingw_compiler" />
				<Compiler>
					<Add option="-g" />
					<Add directory="include" />
				</Compiler>
			</Target>
			<Target title="ARM - Debug">
				<Option output="bin/Debug/RPG" prefix_auto="1" extension_auto="1" />
				<Option object_output="obj/Debug - ARM/" />
				<Option type="1" />
				<Option compiler="arm-elf-gcc" />
				<Compiler>
					<Add option="-g" />
					<Add option="-march=armv7" />
					<Add directory="include" />
				</Compiler>
			</Target>
			<Target title="Windows from Linux - Debug">
				<Option output="bin/Debug/RPG.exe" prefix_auto="1" extension_auto="0" />
				<Option object_output="obj/Debug/" />
				<Option type="1" />
				<Option compiler="mingw_compiler" />
				<Compiler>
					<Add option="-g" />
					<Add directory="include" />
				</Compiler>
			</Target>
			<Target title="Windows from Linux - Release">
				<Option output="bin/Release/RPG.exe" prefix_auto="1" extension_auto="0" />
				<Option object_output="obj/Release/" />
				<Option type="1" />
				<Option compiler="mingw_compiler" />
				<Compiler>
					<Add option="-g" />
					<Add directory="include" />
				</Compiler>
			</Target>
		</Build>
		<Compiler>
			<Add option="-Wall" />
			<Add option="-fexceptions" />
		</Compiler>
		<Unit filename="colors.h" />
		<Unit filename="include/animBlock.h" />
		<Unit filename="include/block.h" />
		<Unit filename="include/character.h" />
		<Unit filename="include/door.h" />
		<Unit filename="include/door_switch.h" />
		<Unit filename="include/func.h" />
		<Unit filename="include/hud.h" />
		<Unit filename="include/mapPortal.h" />
		<Unit filename="include/player.h" />
		<Unit filename="include/sign.h" />
		<Unit filename="include/wall.h" />
		<Unit filename="include/wall_mark.h" />
		<Unit filename="main.cpp" />
		<Unit filename="src/animBlock.cpp" />
		<Unit filename="src/block.cpp" />
		<Unit filename="src/character.cpp" />
		<Unit filename="src/door.cpp" />
		<Unit filename="src/door_switch.cpp" />
		<Unit filename="src/func.cpp" />
		<Unit filename="src/hud.cpp" />
		<Unit filename="src/mapPortal.cpp" />
		<Unit filename="src/player.cpp" />
		<Unit filename="src/sign.cpp" />
		<Unit filename="src/wall.cpp" />
		<Unit filename="src/wall_mark.cpp" />
		<Extensions>
			<code_completion />
			<envvars />
			<lib_finder disable_auto="1" />
			<debugger />
		</Extensions>
	</Project>
</CodeBlocks_project_file>
